
Microsoft Visual Studio Solution File, Format Version 10.00
# Visual Studio 2008
Project("{FAE04EC0-301F-11D3-BF4B-00C04F79EFBC}") = "WinFramework", "WinFramework\WinFramework.csproj", "{055465D4-FAAF-4336-B953-49D7EB66ABAC}"
EndProject
Global
	GlobalSection(SolutionConfigurationPlatforms) = preSolution
		Debug|Any CPU = Debug|Any CPU
		Release|Any CPU = Release|Any CPU
	EndGlobalSection
	GlobalSection(ProjectConfigurationPlatforms) = postSolution
		{055465D4-FAAF-4336-B953-49D7EB66ABAC}.Debug|Any CPU.ActiveCfg = Debug|Any CPU
		{055465D4-FAAF-4336-B953-49D7EB66ABAC}.Debug|Any CPU.Build.0 = Debug|Any CPU
		{055465D4-FAAF-4336-B953-49D7EB66ABAC}.Release|Any CPU.ActiveCfg = Release|Any CPU
		{055465D4-FAAF-4336-B953-49D7EB66ABAC}.Release|Any CPU.Build.0 = Release|Any CPU
	EndGlobalSection
	GlobalSection(SolutionProperties) = preSolution
		HideSolutionNode = FALSE
	EndGlobalSection
EndGlobal
